// !$*UTF8*$!
{
	archiveVersion = 1;
	classes = {
	};
	objectVersion = 56;
	objects = {

/* Begin PBXBuildFile section */
		7C6E977050CF4D8D4858859D /* FigmaTokens.swift in Sources */ = {isa = PBXBuildFile; fileRef = 83E0BD940DE081A7720F6345 /* FigmaTokens.swift */; };
		35C5BBB0AA11A33A8B6172E4 /* MoodScale.swift in Sources */ = {isa = PBXBuildFile; fileRef = DCD871B6A8AD67276C380474 /* MoodScale.swift */; };
		F32A4261B3D7CEABA5272E05 /* MoodApp.swift in Sources */ = {isa = PBXBuildFile; fileRef = 2EB864DE2DD7E2A1A88CEFA4 /* MoodApp.swift */; };
		9632B5DD646F76DB9DE890A2 /* MoodCheckInView.swift in Sources */ = {isa = PBXBuildFile; fileRef = F55EEF2297994D6C23E2F99C /* MoodCheckInView.swift */; };
		16D7BBF630D761FA08BAAB77 /* ArcGeometry.swift in Sources */ = {isa = PBXBuildFile; fileRef = F50E2537898C3C70DAA887A4 /* ArcGeometry.swift */; };
		83B58FFA53C050FD7E117D18 /* MoodArcBar.swift in Sources */ = {isa = PBXBuildFile; fileRef = C8A7B5CA7CD88700EEE646D1 /* MoodArcBar.swift */; };
		AE584AC8BBC9B09B18655E3B /* MoodFace.swift in Sources */ = {isa = PBXBuildFile; fileRef = 6876E944BF523F492DC06E4D /* MoodFace.swift */; };
/* End PBXBuildFile section */

/* Begin PBXFileReference section */
		83E0BD940DE081A7720F6345 /* FigmaTokens.swift */ = {isa = PBXFileReference; lastKnownFileType = sourcecode.swift; path = FigmaTokens.swift; sourceTree = "<group>"; };
		DCD871B6A8AD67276C380474 /* MoodScale.swift */ = {isa = PBXFileReference; lastKnownFileType = sourcecode.swift; path = MoodScale.swift; sourceTree = "<group>"; };
		2EB864DE2DD7E2A1A88CEFA4 /* MoodApp.swift */ = {isa = PBXFileReference; lastKnownFileType = sourcecode.swift; path = MoodApp.swift; sourceTree = "<group>"; };
		F55EEF2297994D6C23E2F99C /* MoodCheckInView.swift */ = {isa = PBXFileReference; lastKnownFileType = sourcecode.swift; path = MoodCheckInView.swift; sourceTree = "<group>"; };
		F50E2537898C3C70DAA887A4 /* ArcGeometry.swift */ = {isa = PBXFileReference; lastKnownFileType = sourcecode.swift; path = ArcGeometry.swift; sourceTree = "<group>"; };
		C8A7B5CA7CD88700EEE646D1 /* MoodArcBar.swift */ = {isa = PBXFileReference; lastKnownFileType = sourcecode.swift; path = MoodArcBar.swift; sourceTree = "<group>"; };
		6876E944BF523F492DC06E4D /* MoodFace.swift */ = {isa = PBXFileReference; lastKnownFileType = sourcecode.swift; path = MoodFace.swift; sourceTree = "<group>"; };
		8F60702AC53B1FAC3FB753D8 /* Mood.app */ = {isa = PBXFileReference; explicitFileType = wrapper.application; includeInIndex = 0; path = Mood.app; sourceTree = BUILT_PRODUCTS_DIR; };
/* End PBXFileReference section */

/* Begin PBXFrameworksBuildPhase section */
		69BE8A4D8E4D9DA4E7DB3928 /* Frameworks */ = {
			isa = PBXFrameworksBuildPhase;
			buildActionMask = 2147483647;
			files = (
			);
			runOnlyForDeploymentPostprocessing = 0;
		};
/* End PBXFrameworksBuildPhase section */

/* Begin PBXGroup section */
		F97E10D1020E3BEF961AF77B = {
			isa = PBXGroup;
			children = (
				958B6263A0B70C847CDA462B /* Sources */,
				328EC33DF3954DC9B83FA285 /* Products */,
			);
			sourceTree = "<group>";
		};
		328EC33DF3954DC9B83FA285 /* Products */ = {
			isa = PBXGroup;
			children = (
				8F60702AC53B1FAC3FB753D8 /* Mood.app */,
			);
			name = Products;
			sourceTree = "<group>";
		};
		958B6263A0B70C847CDA462B /* Sources */ = {
			isa = PBXGroup;
			children = (
				3A585FA15D66223CDC83266F /* Design */,
				FBF563E807669EE7271963C1 /* Screen */,
				BA0F826919BFC0873FE92A37 /* Selector */,
				2EB864DE2DD7E2A1A88CEFA4 /* MoodApp.swift */,
			);
			path = Sources;
			sourceTree = "<group>";
		};
		3A585FA15D66223CDC83266F /* Design */ = {
			isa = PBXGroup;
			children = (
				83E0BD940DE081A7720F6345 /* FigmaTokens.swift */,
				DCD871B6A8AD67276C380474 /* MoodScale.swift */,
			);
			path = Design;
			sourceTree = "<group>";
		};
		FBF563E807669EE7271963C1 /* Screen */ = {
			isa = PBXGroup;
			children = (
				F55EEF2297994D6C23E2F99C /* MoodCheckInView.swift */,
			);
			path = Screen;
			sourceTree = "<group>";
		};
		BA0F826919BFC0873FE92A37 /* Selector */ = {
			isa = PBXGroup;
			children = (
				F50E2537898C3C70DAA887A4 /* ArcGeometry.swift */,
				C8A7B5CA7CD88700EEE646D1 /* MoodArcBar.swift */,
				6876E944BF523F492DC06E4D /* MoodFace.swift */,
			);
			path = Selector;
			sourceTree = "<group>";
		};
/* End PBXGroup section */

/* Begin PBXNativeTarget section */
		0E8A3AD980EC179856012B7E /* Mood */ = {
			isa = PBXNativeTarget;
			buildConfigurationList = D8AD3EF59D5AF3A47F516C5A /* Build configuration list for PBXNativeTarget "Mood" */;
			buildPhases = (
				4E57AE888889001C06A4F7E8 /* Sources */,
				69BE8A4D8E4D9DA4E7DB3928 /* Frameworks */,
				D6C9E8A172005E68A1DD674F /* Resources */,
			);
			buildRules = (
			);
			dependencies = (
			);
			name = Mood;
			productName = Mood;
			productReference = 8F60702AC53B1FAC3FB753D8 /* Mood.app */;
			productType = "com.apple.product-type.application";
		};
/* End PBXNativeTarget section */

/* Begin PBXProject section */
		98F54143AB4E86B28C3AFEE0 /* Project object */ = {
			isa = PBXProject;
			attributes = {
				BuildIndependentTargetsInParallel = 1;
				LastSwiftUpdateCheck = 2600;
				LastUpgradeCheck = 2600;
				TargetAttributes = {
					0E8A3AD980EC179856012B7E = {
						CreatedOnToolsVersion = 26.0;
					};
				};
			};
			buildConfigurationList = 642847098F0B60C253877A57 /* Build configuration list for PBXProject "Mood" */;
			compatibilityVersion = "Xcode 14.0";
			developmentRegion = en;
			hasScannedForEncodings = 0;
			knownRegions = (
				en,
				Base,
			);
			mainGroup = F97E10D1020E3BEF961AF77B;
			productRefGroup = 328EC33DF3954DC9B83FA285 /* Products */;
			projectDirPath = "";
			projectRoot = "";
			targets = (
				0E8A3AD980EC179856012B7E /* Mood */,
			);
		};
/* End PBXProject section */

/* Begin PBXResourcesBuildPhase section */
		D6C9E8A172005E68A1DD674F /* Resources */ = {
			isa = PBXResourcesBuildPhase;
			buildActionMask = 2147483647;
			files = (
			);
			runOnlyForDeploymentPostprocessing = 0;
		};
/* End PBXResourcesBuildPhase section */

/* Begin PBXSourcesBuildPhase section */
		4E57AE888889001C06A4F7E8 /* Sources */ = {
			isa = PBXSourcesBuildPhase;
			buildActionMask = 2147483647;
			files = (
				7C6E977050CF4D8D4858859D /* FigmaTokens.swift in Sources */,
				35C5BBB0AA11A33A8B6172E4 /* MoodScale.swift in Sources */,
				F32A4261B3D7CEABA5272E05 /* MoodApp.swift in Sources */,
				9632B5DD646F76DB9DE890A2 /* MoodCheckInView.swift in Sources */,
				16D7BBF630D761FA08BAAB77 /* ArcGeometry.swift in Sources */,
				83B58FFA53C050FD7E117D18 /* MoodArcBar.swift in Sources */,
				AE584AC8BBC9B09B18655E3B /* MoodFace.swift in Sources */,
			);
			runOnlyForDeploymentPostprocessing = 0;
		};
/* End PBXSourcesBuildPhase section */

/* Begin XCBuildConfiguration section */
		D08DD63EED508AD30D0CB0B4 /* Debug */ = {
			isa = XCBuildConfiguration;
			buildSettings = {
				ALWAYS_SEARCH_USER_PATHS = NO;
				CLANG_ENABLE_MODULES = YES;
				CLANG_ENABLE_OBJC_ARC = YES;
				ENABLE_STRICT_OBJC_MSGSEND = YES;
				GCC_NO_COMMON_BLOCKS = YES;
				IPHONEOS_DEPLOYMENT_TARGET = 26.0;
				SDKROOT = iphoneos;
				SWIFT_VERSION = 5.0;
				ONLY_ACTIVE_ARCH = YES;
				SWIFT_ACTIVE_COMPILATION_CONDITIONS = "DEBUG $(inherited)";
				SWIFT_OPTIMIZATION_LEVEL = "-Onone";
			};
			name = Debug;
		};
		811CB99F7A296F7846C18A7F /* Release */ = {
			isa = XCBuildConfiguration;
			buildSettings = {
				ALWAYS_SEARCH_USER_PATHS = NO;
				CLANG_ENABLE_MODULES = YES;
				CLANG_ENABLE_OBJC_ARC = YES;
				ENABLE_STRICT_OBJC_MSGSEND = YES;
				GCC_NO_COMMON_BLOCKS = YES;
				IPHONEOS_DEPLOYMENT_TARGET = 26.0;
				SDKROOT = iphoneos;
				SWIFT_VERSION = 5.0;
				SWIFT_COMPILATION_MODE = wholemodule;
			};
			name = Release;
		};
		7082CC0B6FC1282FCEABD07A /* Debug */ = {
			isa = XCBuildConfiguration;
			buildSettings = {
				ASSETCATALOG_COMPILER_GENERATE_ASSET_SYMBOLS = NO;
				CODE_SIGN_STYLE = Automatic;
				CURRENT_PROJECT_VERSION = 1;
				ENABLE_PREVIEWS = YES;
				GENERATE_INFOPLIST_FILE = YES;
				INFOPLIST_KEY_UILaunchScreen_Generation = YES;
				INFOPLIST_KEY_UISupportedInterfaceOrientations = UIInterfaceOrientationPortrait;
				MARKETING_VERSION = 1.0;
				PRODUCT_BUNDLE_IDENTIFIER = com.nodedesignagency.Mood;
				PRODUCT_NAME = "$(TARGET_NAME)";
				SWIFT_EMIT_LOC_STRINGS = YES;
				TARGETED_DEVICE_FAMILY = "1,2";
			};
			name = Debug;
		};
		639A7CA24D39909E713B47F7 /* Release */ = {
			isa = XCBuildConfiguration;
			buildSettings = {
				ASSETCATALOG_COMPILER_GENERATE_ASSET_SYMBOLS = NO;
				CODE_SIGN_STYLE = Automatic;
				CURRENT_PROJECT_VERSION = 1;
				ENABLE_PREVIEWS = YES;
				GENERATE_INFOPLIST_FILE = YES;
				INFOPLIST_KEY_UILaunchScreen_Generation = YES;
				INFOPLIST_KEY_UISupportedInterfaceOrientations = UIInterfaceOrientationPortrait;
				MARKETING_VERSION = 1.0;
				PRODUCT_BUNDLE_IDENTIFIER = com.nodedesignagency.Mood;
				PRODUCT_NAME = "$(TARGET_NAME)";
				SWIFT_EMIT_LOC_STRINGS = YES;
				TARGETED_DEVICE_FAMILY = "1,2";
			};
			name = Release;
		};
/* End XCBuildConfiguration section */

/* Begin XCConfigurationList section */
		642847098F0B60C253877A57 /* Build configuration list for PBXProject "Mood" */ = {
			isa = XCConfigurationList;
			buildConfigurations = (
				D08DD63EED508AD30D0CB0B4 /* Debug */,
				811CB99F7A296F7846C18A7F /* Release */,
			);
			defaultConfigurationIsVisible = 0;
			defaultConfigurationName = Release;
		};
		D8AD3EF59D5AF3A47F516C5A /* Build configuration list for PBXNativeTarget "Mood" */ = {
			isa = XCConfigurationList;
			buildConfigurations = (
				7082CC0B6FC1282FCEABD07A /* Debug */,
				639A7CA24D39909E713B47F7 /* Release */,
			);
			defaultConfigurationIsVisible = 0;
			defaultConfigurationName = Release;
		};
/* End XCConfigurationList section */

	};
	rootObject = 98F54143AB4E86B28C3AFEE0 /* Project object */;
}
